
Microsoft Visual Studio Solution File, Format Version 12.00
# Visual Studio Version 17
VisualStudioVersion = 17.13.35828.75 d17.13
MinimumVisualStudioVersion = 10.0.40219.1
Project("{FAE04EC0-301F-11D3-BF4B-00C04F79EFBC}") = "prj36976_L1_Ex08", "prj36976_L1_Ex08\prj36976_L1_Ex08.csproj", "{E1DC80D6-8FB8-4E42-8EC1-AE319F10154E}"
EndProject
Global
	GlobalSection(SolutionConfigurationPlatforms) = preSolution
		Debug|Any CPU = Debug|Any CPU
		Release|Any CPU = Release|Any CPU
	EndGlobalSection
	GlobalSection(ProjectConfigurationPlatforms) = postSolution
		{E1DC80D6-8FB8-4E42-8EC1-AE319F10154E}.Debug|Any CPU.ActiveCfg = Debug|Any CPU
		{E1DC80D6-8FB8-4E42-8EC1-AE319F10154E}.Debug|Any CPU.Build.0 = Debug|Any CPU
		{E1DC80D6-8FB8-4E42-8EC1-AE319F10154E}.Release|Any CPU.ActiveCfg = Release|Any CPU
		{E1DC80D6-8FB8-4E42-8EC1-AE319F10154E}.Release|Any CPU.Build.0 = Release|Any CPU
	EndGlobalSection
	GlobalSection(SolutionProperties) = preSolution
		HideSolutionNode = FALSE
	EndGlobalSection
	GlobalSection(ExtensibilityGlobals) = postSolution
		SolutionGuid = {A6C41EA9-88EB-4DF0-A5B8-EFF907E1A73E}
	EndGlobalSection
EndGlobal
