
Microsoft Visual Studio Solution File, Format Version 12.00
# Visual Studio Version 17
VisualStudioVersion = 17.13.35828.75 d17.13
MinimumVisualStudioVersion = 10.0.40219.1
Project("{FAE04EC0-301F-11D3-BF4B-00C04F79EFBC}") = "prj36976_L1_Ex04", "prj36976_L1_Ex04\prj36976_L1_Ex04.csproj", "{9316DA59-2CC4-47DB-8251-99E4FED7EDDF}"
EndProject
Global
	GlobalSection(SolutionConfigurationPlatforms) = preSolution
		Debug|Any CPU = Debug|Any CPU
		Release|Any CPU = Release|Any CPU
	EndGlobalSection
	GlobalSection(ProjectConfigurationPlatforms) = postSolution
		{9316DA59-2CC4-47DB-8251-99E4FED7EDDF}.Debug|Any CPU.ActiveCfg = Debug|Any CPU
		{9316DA59-2CC4-47DB-8251-99E4FED7EDDF}.Debug|Any CPU.Build.0 = Debug|Any CPU
		{9316DA59-2CC4-47DB-8251-99E4FED7EDDF}.Release|Any CPU.ActiveCfg = Release|Any CPU
		{9316DA59-2CC4-47DB-8251-99E4FED7EDDF}.Release|Any CPU.Build.0 = Release|Any CPU
	EndGlobalSection
	GlobalSection(SolutionProperties) = preSolution
		HideSolutionNode = FALSE
	EndGlobalSection
	GlobalSection(ExtensibilityGlobals) = postSolution
		SolutionGuid = {0F1F8729-06EF-476D-9BC5-A24DE2F03EDE}
	EndGlobalSection
EndGlobal
