
Microsoft Visual Studio Solution File, Format Version 12.00
# Visual Studio Version 17
VisualStudioVersion = 17.13.35828.75 d17.13
MinimumVisualStudioVersion = 10.0.40219.1
Project("{FAE04EC0-301F-11D3-BF4B-00C04F79EFBC}") = "prj36976_L1_Ex05", "prj36976_L1_Ex05\prj36976_L1_Ex05.csproj", "{AC2934E5-B632-48C1-B565-4317979C3E16}"
EndProject
Global
	GlobalSection(SolutionConfigurationPlatforms) = preSolution
		Debug|Any CPU = Debug|Any CPU
		Release|Any CPU = Release|Any CPU
	EndGlobalSection
	GlobalSection(ProjectConfigurationPlatforms) = postSolution
		{AC2934E5-B632-48C1-B565-4317979C3E16}.Debug|Any CPU.ActiveCfg = Debug|Any CPU
		{AC2934E5-B632-48C1-B565-4317979C3E16}.Debug|Any CPU.Build.0 = Debug|Any CPU
		{AC2934E5-B632-48C1-B565-4317979C3E16}.Release|Any CPU.ActiveCfg = Release|Any CPU
		{AC2934E5-B632-48C1-B565-4317979C3E16}.Release|Any CPU.Build.0 = Release|Any CPU
	EndGlobalSection
	GlobalSection(SolutionProperties) = preSolution
		HideSolutionNode = FALSE
	EndGlobalSection
	GlobalSection(ExtensibilityGlobals) = postSolution
		SolutionGuid = {E6A7D57E-11FD-443D-8FCF-4497267CF277}
	EndGlobalSection
EndGlobal
